
Microsoft Visual Studio Solution File, Format Version 12.00
# Visual Studio Version 16
VisualStudioVersion = 16.0.29324.140
MinimumVisualStudioVersion = 10.0.40219.1
Project("{FAE04EC0-301F-11D3-BF4B-00C04F79EFBC}") = "Programmers_explanation", "Programmers_explanation\Programmers_explanation.csproj", "{D21723F7-4748-4DDF-8EF2-C4F81A1A6A17}"
EndProject
Project("{FAE04EC0-301F-11D3-BF4B-00C04F79EFBC}") = "Biggest_Number", "Biggest_Number\Biggest_Number.csproj", "{D85D4F01-C23E-498E-8DAF-B8CE6FDD0B8B}"
EndProject
Project("{FAE04EC0-301F-11D3-BF4B-00C04F79EFBC}") = "K_th number", "K_th number\K_th number.csproj", "{E1438FAC-0A81-4561-8973-6D347EAA3338}"
EndProject
Project("{FAE04EC0-301F-11D3-BF4B-00C04F79EFBC}") = "H-index", "H-index\H-index.csproj", "{83BE7382-F122-4F8A-9361-F3CCDDDFD93F}"
EndProject
Project("{FAE04EC0-301F-11D3-BF4B-00C04F79EFBC}") = "MockTest", "MockTest\MockTest.csproj", "{AF90588C-E629-4366-914C-2616C5D0FA93}"
EndProject
Project("{FAE04EC0-301F-11D3-BF4B-00C04F79EFBC}") = "Find_Prime_Numbers", "Find_Prime_Numbers\Find_Prime_Numbers.csproj", "{04345213-6E46-461F-B76C-BFD9A12113A9}"
EndProject
Project("{2150E333-8FDC-42A3-9474-1A3956D46DE8}") = "Practice", "Practice", "{CD89D56F-93A3-4E2A-93DD-46F7C004DFF4}"
EndProject
Project("{2150E333-8FDC-42A3-9474-1A3956D46DE8}") = "Test", "Test", "{14E11894-A0EB-4AC7-8AA0-F23330653C12}"
EndProject
Project("{FAE04EC0-301F-11D3-BF4B-00C04F79EFBC}") = "ProgressTime", "ProgressTime\ProgressTime.csproj", "{4C0F771B-0FB8-45E7-90F8-0F13DA3A34CD}"
EndProject
Project("{FAE04EC0-301F-11D3-BF4B-00C04F79EFBC}") = "Number_bassball", "Number_bassball\Number_bassball.csproj", "{847FD3BA-316A-4D5C-ABCC-86672ECE7B41}"
EndProject
Global
	GlobalSection(SolutionConfigurationPlatforms) = preSolution
		Debug|Any CPU = Debug|Any CPU
		Release|Any CPU = Release|Any CPU
	EndGlobalSection
	GlobalSection(ProjectConfigurationPlatforms) = postSolution
		{D21723F7-4748-4DDF-8EF2-C4F81A1A6A17}.Debug|Any CPU.ActiveCfg = Debug|Any CPU
		{D21723F7-4748-4DDF-8EF2-C4F81A1A6A17}.Debug|Any CPU.Build.0 = Debug|Any CPU
		{D21723F7-4748-4DDF-8EF2-C4F81A1A6A17}.Release|Any CPU.ActiveCfg = Release|Any CPU
		{D21723F7-4748-4DDF-8EF2-C4F81A1A6A17}.Release|Any CPU.Build.0 = Release|Any CPU
		{D85D4F01-C23E-498E-8DAF-B8CE6FDD0B8B}.Debug|Any CPU.ActiveCfg = Debug|Any CPU
		{D85D4F01-C23E-498E-8DAF-B8CE6FDD0B8B}.Debug|Any CPU.Build.0 = Debug|Any CPU
		{D85D4F01-C23E-498E-8DAF-B8CE6FDD0B8B}.Release|Any CPU.ActiveCfg = Release|Any CPU
		{D85D4F01-C23E-498E-8DAF-B8CE6FDD0B8B}.Release|Any CPU.Build.0 = Release|Any CPU
		{E1438FAC-0A81-4561-8973-6D347EAA3338}.Debug|Any CPU.ActiveCfg = Debug|Any CPU
		{E1438FAC-0A81-4561-8973-6D347EAA3338}.Debug|Any CPU.Build.0 = Debug|Any CPU
		{E1438FAC-0A81-4561-8973-6D347EAA3338}.Release|Any CPU.ActiveCfg = Release|Any CPU
		{E1438FAC-0A81-4561-8973-6D347EAA3338}.Release|Any CPU.Build.0 = Release|Any CPU
		{83BE7382-F122-4F8A-9361-F3CCDDDFD93F}.Debug|Any CPU.ActiveCfg = Debug|Any CPU
		{83BE7382-F122-4F8A-9361-F3CCDDDFD93F}.Debug|Any CPU.Build.0 = Debug|Any CPU
		{83BE7382-F122-4F8A-9361-F3CCDDDFD93F}.Release|Any CPU.ActiveCfg = Release|Any CPU
		{83BE7382-F122-4F8A-9361-F3CCDDDFD93F}.Release|Any CPU.Build.0 = Release|Any CPU
		{AF90588C-E629-4366-914C-2616C5D0FA93}.Debug|Any CPU.ActiveCfg = Debug|Any CPU
		{AF90588C-E629-4366-914C-2616C5D0FA93}.Debug|Any CPU.Build.0 = Debug|Any CPU
		{AF90588C-E629-4366-914C-2616C5D0FA93}.Release|Any CPU.ActiveCfg = Release|Any CPU
		{AF90588C-E629-4366-914C-2616C5D0FA93}.Release|Any CPU.Build.0 = Release|Any CPU
		{04345213-6E46-461F-B76C-BFD9A12113A9}.Debug|Any CPU.ActiveCfg = Debug|Any CPU
		{04345213-6E46-461F-B76C-BFD9A12113A9}.Debug|Any CPU.Build.0 = Debug|Any CPU
		{04345213-6E46-461F-B76C-BFD9A12113A9}.Release|Any CPU.ActiveCfg = Release|Any CPU
		{04345213-6E46-461F-B76C-BFD9A12113A9}.Release|Any CPU.Build.0 = Release|Any CPU
		{4C0F771B-0FB8-45E7-90F8-0F13DA3A34CD}.Debug|Any CPU.ActiveCfg = Debug|Any CPU
		{4C0F771B-0FB8-45E7-90F8-0F13DA3A34CD}.Debug|Any CPU.Build.0 = Debug|Any CPU
		{4C0F771B-0FB8-45E7-90F8-0F13DA3A34CD}.Release|Any CPU.ActiveCfg = Release|Any CPU
		{4C0F771B-0FB8-45E7-90F8-0F13DA3A34CD}.Release|Any CPU.Build.0 = Release|Any CPU
		{847FD3BA-316A-4D5C-ABCC-86672ECE7B41}.Debug|Any CPU.ActiveCfg = Debug|Any CPU
		{847FD3BA-316A-4D5C-ABCC-86672ECE7B41}.Debug|Any CPU.Build.0 = Debug|Any CPU
		{847FD3BA-316A-4D5C-ABCC-86672ECE7B41}.Release|Any CPU.ActiveCfg = Release|Any CPU
		{847FD3BA-316A-4D5C-ABCC-86672ECE7B41}.Release|Any CPU.Build.0 = Release|Any CPU
	EndGlobalSection
	GlobalSection(SolutionProperties) = preSolution
		HideSolutionNode = FALSE
	EndGlobalSection
	GlobalSection(NestedProjects) = preSolution
		{D85D4F01-C23E-498E-8DAF-B8CE6FDD0B8B} = {CD89D56F-93A3-4E2A-93DD-46F7C004DFF4}
		{E1438FAC-0A81-4561-8973-6D347EAA3338} = {CD89D56F-93A3-4E2A-93DD-46F7C004DFF4}
		{83BE7382-F122-4F8A-9361-F3CCDDDFD93F} = {CD89D56F-93A3-4E2A-93DD-46F7C004DFF4}
		{AF90588C-E629-4366-914C-2616C5D0FA93} = {CD89D56F-93A3-4E2A-93DD-46F7C004DFF4}
		{04345213-6E46-461F-B76C-BFD9A12113A9} = {CD89D56F-93A3-4E2A-93DD-46F7C004DFF4}
		{4C0F771B-0FB8-45E7-90F8-0F13DA3A34CD} = {CD89D56F-93A3-4E2A-93DD-46F7C004DFF4}
		{847FD3BA-316A-4D5C-ABCC-86672ECE7B41} = {14E11894-A0EB-4AC7-8AA0-F23330653C12}
	EndGlobalSection
	GlobalSection(ExtensibilityGlobals) = postSolution
		SolutionGuid = {0F028BFC-E2AE-44C2-A089-1581C4C6CD28}
	EndGlobalSection
EndGlobal
